
Microsoft Visual Studio Solution File, Format Version 12.00
# Visual Studio 2012
Project("{FAE04EC0-301F-11D3-BF4B-00C04F79EFBC}") = "Screenmedia.Plugin.Vanilla.Android", "Screenmedia.Plugin.Vanilla.Android.csproj", "{81D3B0D4-148D-477C-A85F-D1119C2F6934}"
EndProject
Global
	GlobalSection(SolutionConfigurationPlatforms) = preSolution
		Debug|Any CPU = Debug|Any CPU
		Release|Any CPU = Release|Any CPU
	EndGlobalSection
	GlobalSection(ProjectConfigurationPlatforms) = postSolution
		{81D3B0D4-148D-477C-A85F-D1119C2F6934}.Debug|Any CPU.ActiveCfg = Debug|Any CPU
		{81D3B0D4-148D-477C-A85F-D1119C2F6934}.Debug|Any CPU.Build.0 = Debug|Any CPU
		{81D3B0D4-148D-477C-A85F-D1119C2F6934}.Release|Any CPU.ActiveCfg = Release|Any CPU
		{81D3B0D4-148D-477C-A85F-D1119C2F6934}.Release|Any CPU.Build.0 = Release|Any CPU
	EndGlobalSection
EndGlobal
